// !$*UTF8*$!
{
	archiveVersion = 1;
	classes = {
	};
	objectVersion = 48;
	objects = {

/* Begin PBXBuildFile section */
		177C07262012F79800799639 /* AppDelegate.swift in Sources */ = {isa = PBXBuildFile; fileRef = 177C07252012F79800799639 /* AppDelegate.swift */; };
		177C072D2012F79800799639 /* Assets.xcassets in Resources */ = {isa = PBXBuildFile; fileRef = 177C072C2012F79800799639 /* Assets.xcassets */; };
		177C07302012F79800799639 /* LaunchScreen.storyboard in Resources */ = {isa = PBXBuildFile; fileRef = 177C072E2012F79800799639 /* LaunchScreen.storyboard */; };
		177C073B2012F79800799639 /* PortfolioAppTests.swift in Sources */ = {isa = PBXBuildFile; fileRef = 177C073A2012F79800799639 /* PortfolioAppTests.swift */; };
		177C074E2012FB1600799639 /* PortfolioViewController.swift in Sources */ = {isa = PBXBuildFile; fileRef = 177C074A2012FB1500799639 /* PortfolioViewController.swift */; };
		177C074F2012FB1600799639 /* PortfolioPresenter.swift in Sources */ = {isa = PBXBuildFile; fileRef = 177C074B2012FB1500799639 /* PortfolioPresenter.swift */; };
		177C07502012FB1600799639 /* PortfolioInteractor.swift in Sources */ = {isa = PBXBuildFile; fileRef = 177C074C2012FB1500799639 /* PortfolioInteractor.swift */; };
		177C07512012FB1600799639 /* PortfolioRouter.swift in Sources */ = {isa = PBXBuildFile; fileRef = 177C074D2012FB1500799639 /* PortfolioRouter.swift */; };
		177C07532013002D00799639 /* PortfolioViewController.xib in Resources */ = {isa = PBXBuildFile; fileRef = 177C07522013002D00799639 /* PortfolioViewController.xib */; };
		177C07552013007900799639 /* PortfolioBuilder.swift in Sources */ = {isa = PBXBuildFile; fileRef = 177C07542013007900799639 /* PortfolioBuilder.swift */; };
		177C075820130BAF00799639 /* ConfigurationType.swift in Sources */ = {isa = PBXBuildFile; fileRef = 177C075620130BAF00799639 /* ConfigurationType.swift */; };
		177C075920130BAF00799639 /* Configuration.swift in Sources */ = {isa = PBXBuildFile; fileRef = 177C075720130BAF00799639 /* Configuration.swift */; };
		177C075E20130C8800799639 /* PortfolioServiceResponse.swift in Sources */ = {isa = PBXBuildFile; fileRef = 177C075A20130C8800799639 /* PortfolioServiceResponse.swift */; };
		177C075F20130C8800799639 /* PortfolioService.swift in Sources */ = {isa = PBXBuildFile; fileRef = 177C075B20130C8800799639 /* PortfolioService.swift */; };
		177C076020130C8800799639 /* PortfolioServiceBuilder.swift in Sources */ = {isa = PBXBuildFile; fileRef = 177C075C20130C8800799639 /* PortfolioServiceBuilder.swift */; };
		177C076120130C8800799639 /* PortfolioServiceImplementation.swift in Sources */ = {isa = PBXBuildFile; fileRef = 177C075D20130C8800799639 /* PortfolioServiceImplementation.swift */; };
		177C07652013414600799639 /* InstrumentCellTableViewCell.swift in Sources */ = {isa = PBXBuildFile; fileRef = 177C07632013414600799639 /* InstrumentCellTableViewCell.swift */; };
		177C07662013414600799639 /* InstrumentCellTableViewCell.xib in Resources */ = {isa = PBXBuildFile; fileRef = 177C07642013414600799639 /* InstrumentCellTableViewCell.xib */; };
		177C076820135CBD00799639 /* InstrumentCellDataModel.swift in Sources */ = {isa = PBXBuildFile; fileRef = 177C076720135CBD00799639 /* InstrumentCellDataModel.swift */; };
		17841C832014F75D0001AF07 /* InstrumentDetailInteractor.swift in Sources */ = {isa = PBXBuildFile; fileRef = 17841C7F2014F75C0001AF07 /* InstrumentDetailInteractor.swift */; };
		17841C842014F75D0001AF07 /* InstrumentDetailRouter.swift in Sources */ = {isa = PBXBuildFile; fileRef = 17841C802014F75C0001AF07 /* InstrumentDetailRouter.swift */; };
		17841C852014F75D0001AF07 /* InstrumentDetailViewController.swift in Sources */ = {isa = PBXBuildFile; fileRef = 17841C812014F75D0001AF07 /* InstrumentDetailViewController.swift */; };
		17841C862014F75D0001AF07 /* InstrumentDetailPresenter.swift in Sources */ = {isa = PBXBuildFile; fileRef = 17841C822014F75D0001AF07 /* InstrumentDetailPresenter.swift */; };
		17841C882015092D0001AF07 /* InstrumentDetailBuilder.swift in Sources */ = {isa = PBXBuildFile; fileRef = 17841C872015092D0001AF07 /* InstrumentDetailBuilder.swift */; };
		17841C8A20150B160001AF07 /* InstrumentDetailViewController.xib in Resources */ = {isa = PBXBuildFile; fileRef = 17841C8920150B160001AF07 /* InstrumentDetailViewController.xib */; };
/* End PBXBuildFile section */

/* Begin PBXContainerItemProxy section */
		177C07372012F79800799639 /* PBXContainerItemProxy */ = {
			isa = PBXContainerItemProxy;
			containerPortal = 177C071A2012F79800799639 /* Project object */;
			proxyType = 1;
			remoteGlobalIDString = 177C07212012F79800799639;
			remoteInfo = PortfolioApp;
		};
/* End PBXContainerItemProxy section */

/* Begin PBXFileReference section */
		177C07222012F79800799639 /* PortfolioApp.app */ = {isa = PBXFileReference; explicitFileType = wrapper.application; includeInIndex = 0; path = PortfolioApp.app; sourceTree = BUILT_PRODUCTS_DIR; };
		177C07252012F79800799639 /* AppDelegate.swift */ = {isa = PBXFileReference; lastKnownFileType = sourcecode.swift; path = AppDelegate.swift; sourceTree = "<group>"; };
		177C072C2012F79800799639 /* Assets.xcassets */ = {isa = PBXFileReference; lastKnownFileType = folder.assetcatalog; path = Assets.xcassets; sourceTree = "<group>"; };
		177C072F2012F79800799639 /* Base */ = {isa = PBXFileReference; lastKnownFileType = file.storyboard; name = Base; path = Base.lproj/LaunchScreen.storyboard; sourceTree = "<group>"; };
		177C07312012F79800799639 /* Info.plist */ = {isa = PBXFileReference; lastKnownFileType = text.plist.xml; path = Info.plist; sourceTree = "<group>"; };
		177C07362012F79800799639 /* PortfolioAppTests.xctest */ = {isa = PBXFileReference; explicitFileType = wrapper.cfbundle; includeInIndex = 0; path = PortfolioAppTests.xctest; sourceTree = BUILT_PRODUCTS_DIR; };
		177C073A2012F79800799639 /* PortfolioAppTests.swift */ = {isa = PBXFileReference; lastKnownFileType = sourcecode.swift; path = PortfolioAppTests.swift; sourceTree = "<group>"; };
		177C073C2012F79800799639 /* Info.plist */ = {isa = PBXFileReference; lastKnownFileType = text.plist.xml; path = Info.plist; sourceTree = "<group>"; };
		177C074A2012FB1500799639 /* PortfolioViewController.swift */ = {isa = PBXFileReference; fileEncoding = 4; lastKnownFileType = sourcecode.swift; path = PortfolioViewController.swift; sourceTree = "<group>"; };
		177C074B2012FB1500799639 /* PortfolioPresenter.swift */ = {isa = PBXFileReference; fileEncoding = 4; lastKnownFileType = sourcecode.swift; path = PortfolioPresenter.swift; sourceTree = "<group>"; };
		177C074C2012FB1500799639 /* PortfolioInteractor.swift */ = {isa = PBXFileReference; fileEncoding = 4; lastKnownFileType = sourcecode.swift; path = PortfolioInteractor.swift; sourceTree = "<group>"; };
		177C074D2012FB1500799639 /* PortfolioRouter.swift */ = {isa = PBXFileReference; fileEncoding = 4; lastKnownFileType = sourcecode.swift; path = PortfolioRouter.swift; sourceTree = "<group>"; };
		177C07522013002D00799639 /* PortfolioViewController.xib */ = {isa = PBXFileReference; lastKnownFileType = file.xib; path = PortfolioViewController.xib; sourceTree = "<group>"; };
		177C07542013007900799639 /* PortfolioBuilder.swift */ = {isa = PBXFileReference; lastKnownFileType = sourcecode.swift; path = PortfolioBuilder.swift; sourceTree = "<group>"; };
		177C075620130BAF00799639 /* ConfigurationType.swift */ = {isa = PBXFileReference; fileEncoding = 4; lastKnownFileType = sourcecode.swift; path = ConfigurationType.swift; sourceTree = "<group>"; };
		177C075720130BAF00799639 /* Configuration.swift */ = {isa = PBXFileReference; fileEncoding = 4; lastKnownFileType = sourcecode.swift; path = Configuration.swift; sourceTree = "<group>"; };
		177C075A20130C8800799639 /* PortfolioServiceResponse.swift */ = {isa = PBXFileReference; fileEncoding = 4; lastKnownFileType = sourcecode.swift; path = PortfolioServiceResponse.swift; sourceTree = "<group>"; };
		177C075B20130C8800799639 /* PortfolioService.swift */ = {isa = PBXFileReference; fileEncoding = 4; lastKnownFileType = sourcecode.swift; path = PortfolioService.swift; sourceTree = "<group>"; };
		177C075C20130C8800799639 /* PortfolioServiceBuilder.swift */ = {isa = PBXFileReference; fileEncoding = 4; lastKnownFileType = sourcecode.swift; path = PortfolioServiceBuilder.swift; sourceTree = "<group>"; };
		177C075D20130C8800799639 /* PortfolioServiceImplementation.swift */ = {isa = PBXFileReference; fileEncoding = 4; lastKnownFileType = sourcecode.swift; path = PortfolioServiceImplementation.swift; sourceTree = "<group>"; };
		177C07632013414600799639 /* InstrumentCellTableViewCell.swift */ = {isa = PBXFileReference; lastKnownFileType = sourcecode.swift; path = InstrumentCellTableViewCell.swift; sourceTree = "<group>"; };
		177C07642013414600799639 /* InstrumentCellTableViewCell.xib */ = {isa = PBXFileReference; lastKnownFileType = file.xib; path = InstrumentCellTableViewCell.xib; sourceTree = "<group>"; };
		177C076720135CBD00799639 /* InstrumentCellDataModel.swift */ = {isa = PBXFileReference; lastKnownFileType = sourcecode.swift; path = InstrumentCellDataModel.swift; sourceTree = "<group>"; };
		17841C7F2014F75C0001AF07 /* InstrumentDetailInteractor.swift */ = {isa = PBXFileReference; fileEncoding = 4; lastKnownFileType = sourcecode.swift; path = InstrumentDetailInteractor.swift; sourceTree = "<group>"; };
		17841C802014F75C0001AF07 /* InstrumentDetailRouter.swift */ = {isa = PBXFileReference; fileEncoding = 4; lastKnownFileType = sourcecode.swift; path = InstrumentDetailRouter.swift; sourceTree = "<group>"; };
		17841C812014F75D0001AF07 /* InstrumentDetailViewController.swift */ = {isa = PBXFileReference; fileEncoding = 4; lastKnownFileType = sourcecode.swift; path = InstrumentDetailViewController.swift; sourceTree = "<group>"; };
		17841C822014F75D0001AF07 /* InstrumentDetailPresenter.swift */ = {isa = PBXFileReference; fileEncoding = 4; lastKnownFileType = sourcecode.swift; path = InstrumentDetailPresenter.swift; sourceTree = "<group>"; };
		17841C872015092D0001AF07 /* InstrumentDetailBuilder.swift */ = {isa = PBXFileReference; lastKnownFileType = sourcecode.swift; path = InstrumentDetailBuilder.swift; sourceTree = "<group>"; };
		17841C8920150B160001AF07 /* InstrumentDetailViewController.xib */ = {isa = PBXFileReference; lastKnownFileType = file.xib; path = InstrumentDetailViewController.xib; sourceTree = "<group>"; };
/* End PBXFileReference section */

/* Begin PBXFrameworksBuildPhase section */
		177C071F2012F79800799639 /* Frameworks */ = {
			isa = PBXFrameworksBuildPhase;
			buildActionMask = 2147483647;
			files = (
			);
			runOnlyForDeploymentPostprocessing = 0;
		};
		177C07332012F79800799639 /* Frameworks */ = {
			isa = PBXFrameworksBuildPhase;
			buildActionMask = 2147483647;
			files = (
			);
			runOnlyForDeploymentPostprocessing = 0;
		};
/* End PBXFrameworksBuildPhase section */

/* Begin PBXGroup section */
		177C07192012F79800799639 = {
			isa = PBXGroup;
			children = (
				177C07242012F79800799639 /* PortfolioApp */,
				177C07392012F79800799639 /* PortfolioAppTests */,
				177C07232012F79800799639 /* Products */,
			);
			sourceTree = "<group>";
		};
		177C07232012F79800799639 /* Products */ = {
			isa = PBXGroup;
			children = (
				177C07222012F79800799639 /* PortfolioApp.app */,
				177C07362012F79800799639 /* PortfolioAppTests.xctest */,
			);
			name = Products;
			sourceTree = "<group>";
		};
		177C07242012F79800799639 /* PortfolioApp */ = {
			isa = PBXGroup;
			children = (
				177C07252012F79800799639 /* AppDelegate.swift */,
				177C07452012FA0E00799639 /* Modules */,
				177C07472012FA2300799639 /* Configuration */,
				177C07462012FA1A00799639 /* Services */,
				177C072C2012F79800799639 /* Assets.xcassets */,
				177C072E2012F79800799639 /* LaunchScreen.storyboard */,
				177C07312012F79800799639 /* Info.plist */,
			);
			path = PortfolioApp;
			sourceTree = "<group>";
		};
		177C07392012F79800799639 /* PortfolioAppTests */ = {
			isa = PBXGroup;
			children = (
				177C073A2012F79800799639 /* PortfolioAppTests.swift */,
				177C073C2012F79800799639 /* Info.plist */,
			);
			path = PortfolioAppTests;
			sourceTree = "<group>";
		};
		177C07452012FA0E00799639 /* Modules */ = {
			isa = PBXGroup;
			children = (
				177C07482012FA5200799639 /* Portfolio */,
				177C07492012FA6300799639 /* Instrument Detail */,
			);
			path = Modules;
			sourceTree = "<group>";
		};
		177C07462012FA1A00799639 /* Services */ = {
			isa = PBXGroup;
			children = (
				177C075B20130C8800799639 /* PortfolioService.swift */,
				177C075C20130C8800799639 /* PortfolioServiceBuilder.swift */,
				177C075D20130C8800799639 /* PortfolioServiceImplementation.swift */,
				177C075A20130C8800799639 /* PortfolioServiceResponse.swift */,
			);
			path = Services;
			sourceTree = "<group>";
		};
		177C07472012FA2300799639 /* Configuration */ = {
			isa = PBXGroup;
			children = (
				177C075720130BAF00799639 /* Configuration.swift */,
				177C075620130BAF00799639 /* ConfigurationType.swift */,
			);
			path = Configuration;
			sourceTree = "<group>";
		};
		177C07482012FA5200799639 /* Portfolio */ = {
			isa = PBXGroup;
			children = (
				177C0762201340E500799639 /* InstrumentCell */,
				177C074D2012FB1500799639 /* PortfolioRouter.swift */,
				177C074C2012FB1500799639 /* PortfolioInteractor.swift */,
				177C074B2012FB1500799639 /* PortfolioPresenter.swift */,
				177C074A2012FB1500799639 /* PortfolioViewController.swift */,
				177C07522013002D00799639 /* PortfolioViewController.xib */,
				177C07542013007900799639 /* PortfolioBuilder.swift */,
			);
			path = Portfolio;
			sourceTree = "<group>";
		};
		177C07492012FA6300799639 /* Instrument Detail */ = {
			isa = PBXGroup;
			children = (
				17841C812014F75D0001AF07 /* InstrumentDetailViewController.swift */,
				17841C8920150B160001AF07 /* InstrumentDetailViewController.xib */,
				17841C7F2014F75C0001AF07 /* InstrumentDetailInteractor.swift */,
				17841C822014F75D0001AF07 /* InstrumentDetailPresenter.swift */,
				17841C802014F75C0001AF07 /* InstrumentDetailRouter.swift */,
				17841C872015092D0001AF07 /* InstrumentDetailBuilder.swift */,
			);
			path = "Instrument Detail";
			sourceTree = "<group>";
		};
		177C0762201340E500799639 /* InstrumentCell */ = {
			isa = PBXGroup;
			children = (
				177C07632013414600799639 /* InstrumentCellTableViewCell.swift */,
				177C07642013414600799639 /* InstrumentCellTableViewCell.xib */,
				177C076720135CBD00799639 /* InstrumentCellDataModel.swift */,
			);
			path = InstrumentCell;
			sourceTree = "<group>";
		};
/* End PBXGroup section */

/* Begin PBXNativeTarget section */
		177C07212012F79800799639 /* PortfolioApp */ = {
			isa = PBXNativeTarget;
			buildConfigurationList = 177C073F2012F79900799639 /* Build configuration list for PBXNativeTarget "PortfolioApp" */;
			buildPhases = (
				177C071E2012F79800799639 /* Sources */,
				177C071F2012F79800799639 /* Frameworks */,
				177C07202012F79800799639 /* Resources */,
			);
			buildRules = (
			);
			dependencies = (
			);
			name = PortfolioApp;
			productName = PortfolioApp;
			productReference = 177C07222012F79800799639 /* PortfolioApp.app */;
			productType = "com.apple.product-type.application";
		};
		177C07352012F79800799639 /* PortfolioAppTests */ = {
			isa = PBXNativeTarget;
			buildConfigurationList = 177C07422012F79900799639 /* Build configuration list for PBXNativeTarget "PortfolioAppTests" */;
			buildPhases = (
				177C07322012F79800799639 /* Sources */,
				177C07332012F79800799639 /* Frameworks */,
				177C07342012F79800799639 /* Resources */,
			);
			buildRules = (
			);
			dependencies = (
				177C07382012F79800799639 /* PBXTargetDependency */,
			);
			name = PortfolioAppTests;
			productName = PortfolioAppTests;
			productReference = 177C07362012F79800799639 /* PortfolioAppTests.xctest */;
			productType = "com.apple.product-type.bundle.unit-test";
		};
/* End PBXNativeTarget section */

/* Begin PBXProject section */
		177C071A2012F79800799639 /* Project object */ = {
			isa = PBXProject;
			attributes = {
				LastSwiftUpdateCheck = 0920;
				LastUpgradeCheck = 0920;
				ORGANIZATIONNAME = mp;
				TargetAttributes = {
					177C07212012F79800799639 = {
						CreatedOnToolsVersion = 9.2;
						ProvisioningStyle = Automatic;
					};
					177C07352012F79800799639 = {
						CreatedOnToolsVersion = 9.2;
						ProvisioningStyle = Automatic;
						TestTargetID = 177C07212012F79800799639;
					};
				};
			};
			buildConfigurationList = 177C071D2012F79800799639 /* Build configuration list for PBXProject "PortfolioApp" */;
			compatibilityVersion = "Xcode 8.0";
			developmentRegion = en;
			hasScannedForEncodings = 0;
			knownRegions = (
				en,
				Base,
			);
			mainGroup = 177C07192012F79800799639;
			productRefGroup = 177C07232012F79800799639 /* Products */;
			projectDirPath = "";
			projectRoot = "";
			targets = (
				177C07212012F79800799639 /* PortfolioApp */,
				177C07352012F79800799639 /* PortfolioAppTests */,
			);
		};
/* End PBXProject section */

/* Begin PBXResourcesBuildPhase section */
		177C07202012F79800799639 /* Resources */ = {
			isa = PBXResourcesBuildPhase;
			buildActionMask = 2147483647;
			files = (
				177C07662013414600799639 /* InstrumentCellTableViewCell.xib in Resources */,
				177C07302012F79800799639 /* LaunchScreen.storyboard in Resources */,
				177C072D2012F79800799639 /* Assets.xcassets in Resources */,
				177C07532013002D00799639 /* PortfolioViewController.xib in Resources */,
				17841C8A20150B160001AF07 /* InstrumentDetailViewController.xib in Resources */,
			);
			runOnlyForDeploymentPostprocessing = 0;
		};
		177C07342012F79800799639 /* Resources */ = {
			isa = PBXResourcesBuildPhase;
			buildActionMask = 2147483647;
			files = (
			);
			runOnlyForDeploymentPostprocessing = 0;
		};
/* End PBXResourcesBuildPhase section */

/* Begin PBXSourcesBuildPhase section */
		177C071E2012F79800799639 /* Sources */ = {
			isa = PBXSourcesBuildPhase;
			buildActionMask = 2147483647;
			files = (
				177C075820130BAF00799639 /* ConfigurationType.swift in Sources */,
				177C07552013007900799639 /* PortfolioBuilder.swift in Sources */,
				177C07502012FB1600799639 /* PortfolioInteractor.swift in Sources */,
				177C07512012FB1600799639 /* PortfolioRouter.swift in Sources */,
				17841C842014F75D0001AF07 /* InstrumentDetailRouter.swift in Sources */,
				177C074F2012FB1600799639 /* PortfolioPresenter.swift in Sources */,
				17841C882015092D0001AF07 /* InstrumentDetailBuilder.swift in Sources */,
				177C07652013414600799639 /* InstrumentCellTableViewCell.swift in Sources */,
				177C075E20130C8800799639 /* PortfolioServiceResponse.swift in Sources */,
				17841C852014F75D0001AF07 /* InstrumentDetailViewController.swift in Sources */,
				177C075F20130C8800799639 /* PortfolioService.swift in Sources */,
				177C074E2012FB1600799639 /* PortfolioViewController.swift in Sources */,
				177C076120130C8800799639 /* PortfolioServiceImplementation.swift in Sources */,
				17841C862014F75D0001AF07 /* InstrumentDetailPresenter.swift in Sources */,
				17841C832014F75D0001AF07 /* InstrumentDetailInteractor.swift in Sources */,
				177C076820135CBD00799639 /* InstrumentCellDataModel.swift in Sources */,
				177C076020130C8800799639 /* PortfolioServiceBuilder.swift in Sources */,
				177C075920130BAF00799639 /* Configuration.swift in Sources */,
				177C07262012F79800799639 /* AppDelegate.swift in Sources */,
			);
			runOnlyForDeploymentPostprocessing = 0;
		};
		177C07322012F79800799639 /* Sources */ = {
			isa = PBXSourcesBuildPhase;
			buildActionMask = 2147483647;
			files = (
				177C073B2012F79800799639 /* PortfolioAppTests.swift in Sources */,
			);
			runOnlyForDeploymentPostprocessing = 0;
		};
/* End PBXSourcesBuildPhase section */

/* Begin PBXTargetDependency section */
		177C07382012F79800799639 /* PBXTargetDependency */ = {
			isa = PBXTargetDependency;
			target = 177C07212012F79800799639 /* PortfolioApp */;
			targetProxy = 177C07372012F79800799639 /* PBXContainerItemProxy */;
		};
/* End PBXTargetDependency section */

/* Begin PBXVariantGroup section */
		177C072E2012F79800799639 /* LaunchScreen.storyboard */ = {
			isa = PBXVariantGroup;
			children = (
				177C072F2012F79800799639 /* Base */,
			);
			name = LaunchScreen.storyboard;
			sourceTree = "<group>";
		};
/* End PBXVariantGroup section */

/* Begin XCBuildConfiguration section */
		177C073D2012F79800799639 /* Debug */ = {
			isa = XCBuildConfiguration;
			buildSettings = {
				ALWAYS_SEARCH_USER_PATHS = NO;
				CLANG_ANALYZER_NONNULL = YES;
				CLANG_ANALYZER_NUMBER_OBJECT_CONVERSION = YES_AGGRESSIVE;
				CLANG_CXX_LANGUAGE_STANDARD = "gnu++14";
				CLANG_CXX_LIBRARY = "libc++";
				CLANG_ENABLE_MODULES = YES;
				CLANG_ENABLE_OBJC_ARC = YES;
				CLANG_WARN_BLOCK_CAPTURE_AUTORELEASING = YES;
				CLANG_WARN_BOOL_CONVERSION = YES;
				CLANG_WARN_COMMA = YES;
				CLANG_WARN_CONSTANT_CONVERSION = YES;
				CLANG_WARN_DIRECT_OBJC_ISA_USAGE = YES_ERROR;
				CLANG_WARN_DOCUMENTATION_COMMENTS = YES;
				CLANG_WARN_EMPTY_BODY = YES;
				CLANG_WARN_ENUM_CONVERSION = YES;
				CLANG_WARN_INFINITE_RECURSION = YES;
				CLANG_WARN_INT_CONVERSION = YES;
				CLANG_WARN_NON_LITERAL_NULL_CONVERSION = YES;
				CLANG_WARN_OBJC_LITERAL_CONVERSION = YES;
				CLANG_WARN_OBJC_ROOT_CLASS = YES_ERROR;
				CLANG_WARN_RANGE_LOOP_ANALYSIS = YES;
				CLANG_WARN_STRICT_PROTOTYPES = YES;
				CLANG_WARN_SUSPICIOUS_MOVE = YES;
				CLANG_WARN_UNGUARDED_AVAILABILITY = YES_AGGRESSIVE;
				CLANG_WARN_UNREACHABLE_CODE = YES;
				CLANG_WARN__DUPLICATE_METHOD_MATCH = YES;
				CODE_SIGN_IDENTITY = "iPhone Developer";
				COPY_PHASE_STRIP = NO;
				DEBUG_INFORMATION_FORMAT = dwarf;
				ENABLE_STRICT_OBJC_MSGSEND = YES;
				ENABLE_TESTABILITY = YES;
				GCC_C_LANGUAGE_STANDARD = gnu11;
				GCC_DYNAMIC_NO_PIC = NO;
				GCC_NO_COMMON_BLOCKS = YES;
				GCC_OPTIMIZATION_LEVEL = 0;
				GCC_PREPROCESSOR_DEFINITIONS = (
					"DEBUG=1",
					"$(inherited)",
				);
				GCC_WARN_64_TO_32_BIT_CONVERSION = YES;
				GCC_WARN_ABOUT_RETURN_TYPE = YES_ERROR;
				GCC_WARN_UNDECLARED_SELECTOR = YES;
				GCC_WARN_UNINITIALIZED_AUTOS = YES_AGGRESSIVE;
				GCC_WARN_UNUSED_FUNCTION = YES;
				GCC_WARN_UNUSED_VARIABLE = YES;
				IPHONEOS_DEPLOYMENT_TARGET = 11.2;
				MTL_ENABLE_DEBUG_INFO = YES;
				ONLY_ACTIVE_ARCH = YES;
				SDKROOT = iphoneos;
				SWIFT_ACTIVE_COMPILATION_CONDITIONS = DEBUG;
				SWIFT_OPTIMIZATION_LEVEL = "-Onone";
			};
			name = Debug;
		};
		177C073E2012F79800799639 /* Release */ = {
			isa = XCBuildConfiguration;
			buildSettings = {
				ALWAYS_SEARCH_USER_PATHS = NO;
				CLANG_ANALYZER_NONNULL = YES;
				CLANG_ANALYZER_NUMBER_OBJECT_CONVERSION = YES_AGGRESSIVE;
				CLANG_CXX_LANGUAGE_STANDARD = "gnu++14";
				CLANG_CXX_LIBRARY = "libc++";
				CLANG_ENABLE_MODULES = YES;
				CLANG_ENABLE_OBJC_ARC = YES;
				CLANG_WARN_BLOCK_CAPTURE_AUTORELEASING = YES;
				CLANG_WARN_BOOL_CONVERSION = YES;
				CLANG_WARN_COMMA = YES;
				CLANG_WARN_CONSTANT_CONVERSION = YES;
				CLANG_WARN_DIRECT_OBJC_ISA_USAGE = YES_ERROR;
				CLANG_WARN_DOCUMENTATION_COMMENTS = YES;
				CLANG_WARN_EMPTY_BODY = YES;
				CLANG_WARN_ENUM_CONVERSION = YES;
				CLANG_WARN_INFINITE_RECURSION = YES;
				CLANG_WARN_INT_CONVERSION = YES;
				CLANG_WARN_NON_LITERAL_NULL_CONVERSION = YES;
				CLANG_WARN_OBJC_LITERAL_CONVERSION = YES;
				CLANG_WARN_OBJC_ROOT_CLASS = YES_ERROR;
				CLANG_WARN_RANGE_LOOP_ANALYSIS = YES;
				CLANG_WARN_STRICT_PROTOTYPES = YES;
				CLANG_WARN_SUSPICIOUS_MOVE = YES;
				CLANG_WARN_UNGUARDED_AVAILABILITY = YES_AGGRESSIVE;
				CLANG_WARN_UNREACHABLE_CODE = YES;
				CLANG_WARN__DUPLICATE_METHOD_MATCH = YES;
				CODE_SIGN_IDENTITY = "iPhone Developer";
				COPY_PHASE_STRIP = NO;
				DEBUG_INFORMATION_FORMAT = "dwarf-with-dsym";
				ENABLE_NS_ASSERTIONS = NO;
				ENABLE_STRICT_OBJC_MSGSEND = YES;
				GCC_C_LANGUAGE_STANDARD = gnu11;
				GCC_NO_COMMON_BLOCKS = YES;
				GCC_WARN_64_TO_32_BIT_CONVERSION = YES;
				GCC_WARN_ABOUT_RETURN_TYPE = YES_ERROR;
				GCC_WARN_UNDECLARED_SELECTOR = YES;
				GCC_WARN_UNINITIALIZED_AUTOS = YES_AGGRESSIVE;
				GCC_WARN_UNUSED_FUNCTION = YES;
				GCC_WARN_UNUSED_VARIABLE = YES;
				IPHONEOS_DEPLOYMENT_TARGET = 11.2;
				MTL_ENABLE_DEBUG_INFO = NO;
				SDKROOT = iphoneos;
				SWIFT_OPTIMIZATION_LEVEL = "-Owholemodule";
				VALIDATE_PRODUCT = YES;
			};
			name = Release;
		};
		177C07402012F79900799639 /* Debug */ = {
			isa = XCBuildConfiguration;
			buildSettings = {
				ASSETCATALOG_COMPILER_APPICON_NAME = AppIcon;
				CODE_SIGN_STYLE = Automatic;
				DEVELOPMENT_TEAM = A8R4J5JA38;
				INFOPLIST_FILE = PortfolioApp/Info.plist;
				LD_RUNPATH_SEARCH_PATHS = "$(inherited) @executable_path/Frameworks";
				PRODUCT_BUNDLE_IDENTIFIER = mp.PortfolioApp;
				PRODUCT_NAME = "$(TARGET_NAME)";
				SWIFT_VERSION = 4.0;
				TARGETED_DEVICE_FAMILY = "1,2";
			};
			name = Debug;
		};
		177C07412012F79900799639 /* Release */ = {
			isa = XCBuildConfiguration;
			buildSettings = {
				ASSETCATALOG_COMPILER_APPICON_NAME = AppIcon;
				CODE_SIGN_STYLE = Automatic;
				DEVELOPMENT_TEAM = A8R4J5JA38;
				INFOPLIST_FILE = PortfolioApp/Info.plist;
				LD_RUNPATH_SEARCH_PATHS = "$(inherited) @executable_path/Frameworks";
				PRODUCT_BUNDLE_IDENTIFIER = mp.PortfolioApp;
				PRODUCT_NAME = "$(TARGET_NAME)";
				SWIFT_VERSION = 4.0;
				TARGETED_DEVICE_FAMILY = "1,2";
			};
			name = Release;
		};
		177C07432012F79900799639 /* Debug */ = {
			isa = XCBuildConfiguration;
			buildSettings = {
				ALWAYS_EMBED_SWIFT_STANDARD_LIBRARIES = YES;
				BUNDLE_LOADER = "$(TEST_HOST)";
				CODE_SIGN_STYLE = Automatic;
				DEVELOPMENT_TEAM = A8R4J5JA38;
				INFOPLIST_FILE = PortfolioAppTests/Info.plist;
				LD_RUNPATH_SEARCH_PATHS = "$(inherited) @executable_path/Frameworks @loader_path/Frameworks";
				PRODUCT_BUNDLE_IDENTIFIER = mp.PortfolioAppTests;
				PRODUCT_NAME = "$(TARGET_NAME)";
				SWIFT_VERSION = 4.0;
				TARGETED_DEVICE_FAMILY = "1,2";
				TEST_HOST = "$(BUILT_PRODUCTS_DIR)/PortfolioApp.app/PortfolioApp";
			};
			name = Debug;
		};
		177C07442012F79900799639 /* Release */ = {
			isa = XCBuildConfiguration;
			buildSettings = {
				ALWAYS_EMBED_SWIFT_STANDARD_LIBRARIES = YES;
				BUNDLE_LOADER = "$(TEST_HOST)";
				CODE_SIGN_STYLE = Automatic;
				DEVELOPMENT_TEAM = A8R4J5JA38;
				INFOPLIST_FILE = PortfolioAppTests/Info.plist;
				LD_RUNPATH_SEARCH_PATHS = "$(inherited) @executable_path/Frameworks @loader_path/Frameworks";
				PRODUCT_BUNDLE_IDENTIFIER = mp.PortfolioAppTests;
				PRODUCT_NAME = "$(TARGET_NAME)";
				SWIFT_VERSION = 4.0;
				TARGETED_DEVICE_FAMILY = "1,2";
				TEST_HOST = "$(BUILT_PRODUCTS_DIR)/PortfolioApp.app/PortfolioApp";
			};
			name = Release;
		};
/* End XCBuildConfiguration section */

/* Begin XCConfigurationList section */
		177C071D2012F79800799639 /* Build configuration list for PBXProject "PortfolioApp" */ = {
			isa = XCConfigurationList;
			buildConfigurations = (
				177C073D2012F79800799639 /* Debug */,
				177C073E2012F79800799639 /* Release */,
			);
			defaultConfigurationIsVisible = 0;
			defaultConfigurationName = Release;
		};
		177C073F2012F79900799639 /* Build configuration list for PBXNativeTarget "PortfolioApp" */ = {
			isa = XCConfigurationList;
			buildConfigurations = (
				177C07402012F79900799639 /* Debug */,
				177C07412012F79900799639 /* Release */,
			);
			defaultConfigurationIsVisible = 0;
			defaultConfigurationName = Release;
		};
		177C07422012F79900799639 /* Build configuration list for PBXNativeTarget "PortfolioAppTests" */ = {
			isa = XCConfigurationList;
			buildConfigurations = (
				177C07432012F79900799639 /* Debug */,
				177C07442012F79900799639 /* Release */,
			);
			defaultConfigurationIsVisible = 0;
			defaultConfigurationName = Release;
		};
/* End XCConfigurationList section */
	};
	rootObject = 177C071A2012F79800799639 /* Project object */;
}
